
Microsoft Visual Studio Solution File, Format Version 12.00
# Visual Studio Version 17
VisualStudioVersion = 17.14.36121.58 d17.14
MinimumVisualStudioVersion = 10.0.40219.1
Project("{FAE04EC0-301F-11D3-BF4B-00C04F79EFBC}") = "SubscriptionTracker.ConsoleApp", "SubscriptionTracker.ConsoleApp.csproj", "{FCD359DC-A387-46C1-B7AF-BC469293B07F}"
EndProject
Global
	GlobalSection(SolutionConfigurationPlatforms) = preSolution
		Debug|Any CPU = Debug|Any CPU
		Release|Any CPU = Release|Any CPU
	EndGlobalSection
	GlobalSection(ProjectConfigurationPlatforms) = postSolution
		{FCD359DC-A387-46C1-B7AF-BC469293B07F}.Debug|Any CPU.ActiveCfg = Debug|Any CPU
		{FCD359DC-A387-46C1-B7AF-BC469293B07F}.Debug|Any CPU.Build.0 = Debug|Any CPU
		{FCD359DC-A387-46C1-B7AF-BC469293B07F}.Release|Any CPU.ActiveCfg = Release|Any CPU
		{FCD359DC-A387-46C1-B7AF-BC469293B07F}.Release|Any CPU.Build.0 = Release|Any CPU
	EndGlobalSection
	GlobalSection(SolutionProperties) = preSolution
		HideSolutionNode = FALSE
	EndGlobalSection
	GlobalSection(ExtensibilityGlobals) = postSolution
		SolutionGuid = {20563527-A5B0-43BF-A3EF-EC9AC445CD37}
	EndGlobalSection
EndGlobal
